
Microsoft Visual Studio Solution File, Format Version 12.00
# Visual Studio Version 17
VisualStudioVersion = 17.14.36811.4 d17.14
MinimumVisualStudioVersion = 10.0.40219.1
Project("{FAE04EC0-301F-11D3-BF4B-00C04F79EFBC}") = "academico", "academico\academico.csproj", "{127FCC26-7C80-44D0-A42F-04992E6BD5BA}"
EndProject
Global
	GlobalSection(SolutionConfigurationPlatforms) = preSolution
		Debug|Any CPU = Debug|Any CPU
		Release|Any CPU = Release|Any CPU
	EndGlobalSection
	GlobalSection(ProjectConfigurationPlatforms) = postSolution
		{127FCC26-7C80-44D0-A42F-04992E6BD5BA}.Debug|Any CPU.ActiveCfg = Debug|Any CPU
		{127FCC26-7C80-44D0-A42F-04992E6BD5BA}.Debug|Any CPU.Build.0 = Debug|Any CPU
		{127FCC26-7C80-44D0-A42F-04992E6BD5BA}.Release|Any CPU.ActiveCfg = Release|Any CPU
		{127FCC26-7C80-44D0-A42F-04992E6BD5BA}.Release|Any CPU.Build.0 = Release|Any CPU
	EndGlobalSection
	GlobalSection(SolutionProperties) = preSolution
		HideSolutionNode = FALSE
	EndGlobalSection
	GlobalSection(ExtensibilityGlobals) = postSolution
		SolutionGuid = {D9942366-696B-4219-8963-A089E700CDD4}
	EndGlobalSection
EndGlobal
